{
    "_meta": {
        "hash": {
            "sha256": "f08fc97fa4c7b855579cfdfa3846e006c2d2870e7c61e6ec61100f6699e7e205"
        },
        "pipfile-spec": 6,
        "requires": {
            "python_version": "3.11"
        },
        "sources": [
            {
                "name": "pypi",
                "url": "https://pypi.org/simple",
                "verify_ssl": true
            }
        ]
    },
    "default": {
        "aiosqlite": {
            "hashes": [
                "sha256:6c49dc6d3405929b1d08eeccc72306d3677503cc5e5e43771efc1e00232e8231",
                "sha256:f0e6acc24bc4864149267ac82fb46dfb3be4455f99fe21df82609cc6e6baee51"
            ],
            "markers": "python_version >= '3.6'",
            "version": "==0.17.0"
        },
        "anyio": {
            "hashes": [
                "sha256:44a3c9aba0f5defa43261a8b3efb97891f2bd7d804e0e1f56419befa1adfc780",
                "sha256:91dee416e570e92c64041bd18b900d1d6fa78dff7048769ce5ac5ddad004fbb5"
            ],
            "markers": "python_version >= '3.7'",
            "version": "==3.7.1"
        },
        "bcrypt": {
            "hashes": [
                "sha256:089098effa1bc35dc055366740a067a2fc76987e8ec75349eb9484061c54f535",
                "sha256:08d2947c490093a11416df18043c27abe3921558d2c03e2076ccb28a116cb6d0",
                "sha256:0eaa47d4661c326bfc9d08d16debbc4edf78778e6aaba29c1bc7ce67214d4410",
                "sha256:27d375903ac8261cfe4047f6709d16f7d18d39b1ec92aaf72af989552a650ebd",
                "sha256:2b3ac11cf45161628f1f3733263e63194f22664bf4d0c0f3ab34099c02134665",
                "sha256:2caffdae059e06ac23fce178d31b4a702f2a3264c20bfb5ff541b338194d8fab",
                "sha256:3100851841186c25f127731b9fa11909ab7b1df6fc4b9f8353f4f1fd952fbf71",
                "sha256:5ad4d32a28b80c5fa6671ccfb43676e8c1cc232887759d1cd7b6f56ea4355215",
                "sha256:67a97e1c405b24f19d08890e7ae0c4f7ce1e56a712a016746c8b2d7732d65d4b",
                "sha256:705b2cea8a9ed3d55b4491887ceadb0106acf7c6387699fca771af56b1cdeeda",
                "sha256:8a68f4341daf7522fe8d73874de8906f3a339048ba406be6ddc1b3ccb16fc0d9",
                "sha256:a522427293d77e1c29e303fc282e2d71864579527a04ddcfda6d4f8396c6c36a",
                "sha256:ae88eca3024bb34bb3430f964beab71226e761f51b912de5133470b649d82344",
                "sha256:b1023030aec778185a6c16cf70f359cbb6e0c289fd564a7cfa29e727a1c38f8f",
                "sha256:b3b85202d95dd568efcb35b53936c5e3b3600c7cdcc6115ba461df3a8e89f38d",
                "sha256:b57adba8a1444faf784394de3436233728a1ecaeb6e07e8c22c8848f179b893c",
                "sha256:bf4fa8b2ca74381bb5442c089350f09a3f17797829d958fad058d6e44d9eb83c",
                "sha256:ca3204d00d3cb2dfed07f2d74a25f12fc12f73e606fcaa6975d1f7ae69cacbb2",
                "sha256:cbb03eec97496166b704ed663a53680ab57c5084b2fc98ef23291987b525cb7d",
                "sha256:e9a51bbfe7e9802b5f3508687758b564069ba937748ad7b9e890086290d2f79e",
                "sha256:fbdaec13c5105f0c4e5c52614d04f0bca5f5af007910daa8b6b12095edaa67b3"
            ],
            "index": "pypi",
            "version": "==4.0.1"
        },
        "click": {
            "hashes": [
                "sha256:48ee849951919527a045bfe3bf7baa8a959c423134e1a5b98c05c20ba75a1cbd",
                "sha256:fa244bb30b3b5ee2cae3da8f55c9e5e0c0e86093306301fb418eb9dc40fbded5"
            ],
            "markers": "python_version >= '3.7'",
            "version": "==8.1.6"
        },
        "fastapi": {
            "hashes": [
                "sha256:522700d7a469e4a973d92321ab93312448fbe20fca9c8da97effc7e7bc56df23",
                "sha256:ec6dd52bfc4eff3063cfcd0713b43c87640fefb2687bbbe3d8a08d94049cdf32"
            ],
            "index": "pypi",
            "version": "==0.100.1"
        },
        "h11": {
            "hashes": [
                "sha256:8f19fbbe99e72420ff35c00b27a34cb9937e902a8b810e2c88300c6f0a3b699d",
                "sha256:e3fe4ac4b851c468cc8363d500db52c2ead036020723024a109d37346efaa761"
            ],
            "markers": "python_version >= '3.7'",
            "version": "==0.14.0"
        },
        "idna": {
            "hashes": [
                "sha256:814f528e8dead7d329833b91c5faa87d60bf71824cd12a7530b5526063d02cb4",
                "sha256:90b77e79eaa3eba6de819a0c442c0b4ceefc341a7a2ab77d7562bf49f425c5c2"
            ],
            "markers": "python_version >= '3.5'",
            "version": "==3.4"
        },
        "iso8601": {
            "hashes": [
                "sha256:32811e7b81deee2063ea6d2e94f8819a86d1f3811e49d23623a41fa832bef03f",
                "sha256:8400e90141bf792bce2634df533dc57e3bee19ea120a87bebcd3da89a58ad73f"
            ],
            "markers": "python_version < '4.0' and python_full_version >= '3.6.2'",
            "version": "==1.1.0"
        },
        "passlib": {
            "hashes": [
                "sha256:aa6bca462b8d8bda89c70b382f0c298a20b5560af6cbfa2dce410c0a2fb669f1",
                "sha256:defd50f72b65c5402ab2c573830a6978e5f202ad0d984793c8dde2c4152ebe04"
            ],
            "index": "pypi",
            "version": "==1.7.4"
        },
        "password-strength": {
            "hashes": [
                "sha256:6739357c2863d707b7c7f247ff7c6882a70904a18d12c9aaf98f8b95da176fb9",
                "sha256:bf4df10a58fcd3abfa182367307b4fd7b1cec518121dd83bf80c1c42ba796762"
            ],
            "index": "pypi",
            "version": "==0.0.3.post2"
        },
        "pydantic": {
            "hashes": [
                "sha256:20a3b30fd255eeeb63caa9483502ba96b7795ce5bf895c6a179b3d909d9f53a6",
                "sha256:2b71bd504d1573b0b722ae536e8ffb796bedeef978979d076bf206e77dcc55a5",
                "sha256:3403a090db45d4027d2344859d86eb797484dfda0706cf87af79ace6a35274ef",
                "sha256:37ebddef68370e6f26243acc94de56d291e01227a67b2ace26ea3543cf53dd5f",
                "sha256:3b8d5bd97886f9eb59260594207c9f57dce14a6f869c6ceea90188715d29921a",
                "sha256:409b810f387610cc7405ab2fa6f62bdf7ea485311845a242ebc0bd0496e7e5ac",
                "sha256:4870f13a4fafd5bc3e93cff3169222534fad867918b188e83ee0496452978437",
                "sha256:566a04ba755e8f701b074ffb134ddb4d429f75d5dced3fbd829a527aafe74c71",
                "sha256:67b3714b97ff84b2689654851c2426389bcabfac9080617bcf4306c69db606f6",
                "sha256:6dab5219659f95e357d98d70577b361383057fb4414cfdb587014a5f5c595f7b",
                "sha256:748d10ab6089c5d196e1c8be9de48274f71457b01e59736f7a09c9dc34f51887",
                "sha256:762aa598f79b4cac2f275d13336b2dd8662febee2a9c450a49a2ab3bec4b385f",
                "sha256:7a26841be620309a9697f5b1ffc47dce74909e350c5315ccdac7a853484d468a",
                "sha256:7a7db03339893feef2092ff7b1afc9497beed15ebd4af84c3042a74abce02d48",
                "sha256:7aa75d1bd9cc275cf9782f50f60cddaf74cbaae19b6ada2a28e737edac420312",
                "sha256:86936c383f7c38fd26d35107eb669c85d8f46dfceae873264d9bab46fe1c7dde",
                "sha256:88546dc10a40b5b52cae87d64666787aeb2878f9a9b37825aedc2f362e7ae1da",
                "sha256:8c40964596809eb616d94f9c7944511f620a1103d63d5510440ed2908fc410af",
                "sha256:990027e77cda6072a566e433b6962ca3b96b4f3ae8bd54748e9d62a58284d9d7",
                "sha256:9965e49c6905840e526e5429b09e4c154355b6ecc0a2f05492eda2928190311d",
                "sha256:9f62a727f5c590c78c2d12fda302d1895141b767c6488fe623098f8792255fe5",
                "sha256:a2d5be50ac4a0976817144c7d653e34df2f9436d15555189f5b6f61161d64183",
                "sha256:a5939ec826f7faec434e2d406ff5e4eaf1716eb1f247d68cd3d0b3612f7b4c8a",
                "sha256:aac218feb4af73db8417ca7518fb3bade4534fcca6e3fb00f84966811dd94450",
                "sha256:adad1ee4ab9888f12dac2529276704e719efcf472e38df7813f5284db699b4ec",
                "sha256:b69f9138dec566962ec65623c9d57bee44412d2fc71065a5f3ebb3820bdeee96",
                "sha256:c41bbaae89e32fc582448e71974de738c055aef5ab474fb25692981a08df808a",
                "sha256:c62376890b819bebe3c717a9ac841a532988372b7e600e76f75c9f7c128219d5",
                "sha256:ce937a2a2c020bcad1c9fde02892392a1123de6dda906ddba62bfe8f3e5989a2",
                "sha256:db4c7f7e60ca6f7d6c1785070f3e5771fcb9b2d88546e334d2f2c3934d949028",
                "sha256:e0014e29637125f4997c174dd6167407162d7af0da73414a9340461ea8573252",
                "sha256:e088e3865a2270ecbc369924cd7d9fbc565667d9158e7f304e4097ebb9cf98dd",
                "sha256:ea9eebc2ebcba3717e77cdeee3f6203ffc0e78db5f7482c68b1293e8cc156e5e",
                "sha256:edfdf0a5abc5c9bf2052ebaec20e67abd52e92d257e4f2d30e02c354ed3e6030",
                "sha256:f3d4ee957a727ccb5a36f1b0a6dbd9fad5dedd2a41eada99a8df55c12896e18d",
                "sha256:f79db3652ed743309f116ba863dae0c974a41b688242482638b892246b7db21d"
            ],
            "index": "pypi",
            "version": "==1.10.10"
        },
        "pyjwt": {
            "hashes": [
                "sha256:57e28d156e3d5c10088e0c68abb90bfac3df82b40a71bd0daa20c65ccd5c23de",
                "sha256:59127c392cc44c2da5bb3192169a91f429924e17aff6534d70fdc02ab3e04320"
            ],
            "index": "pypi",
            "version": "==2.8.0"
        },
        "pypika-tortoise": {
            "hashes": [
                "sha256:2d68bbb7e377673743cff42aa1059f3a80228d411fbcae591e4465e173109fd8",
                "sha256:d802868f479a708e3263724c7b5719a26ad79399b2a70cea065f4a4cadbebf36"
            ],
            "markers": "python_version >= '3.7' and python_version < '4.0'",
            "version": "==0.1.6"
        },
        "python-multipart": {
            "hashes": [
                "sha256:e9925a80bb668529f1b67c7fdb0a5dacdd7cbfc6fb0bff3ea443fe22bdd62132",
                "sha256:ee698bab5ef148b0a760751c261902cd096e57e10558e11aca17646b74ee1c18"
            ],
            "index": "pypi",
            "version": "==0.0.6"
        },
        "pytz": {
            "hashes": [
                "sha256:1d8ce29db189191fb55338ee6d0387d82ab59f3d00eac103412d64e0ebd0c588",
                "sha256:a151b3abb88eda1d4e34a9814df37de2a80e301e68ba0fd856fb9b46bfbbbffb"
            ],
            "version": "==2023.3"
        },
        "six": {
            "hashes": [
                "sha256:1e61c37477a1626458e36f7b1d82aa5c9b094fa4802892072e49de9c60c4c926",
                "sha256:8abb2f1d86890a2dfb989f9a77cfcfd3e47c2a354b01111771326f8aa26e0254"
            ],
            "markers": "python_version >= '2.7' and python_version not in '3.0, 3.1, 3.2, 3.3'",
            "version": "==1.16.0"
        },
        "sniffio": {
            "hashes": [
                "sha256:e60305c5e5d314f5389259b7f22aaa33d8f7dee49763119234af3755c55b9101",
                "sha256:eecefdce1e5bbfb7ad2eeaabf7c1eeb404d7757c379bd1f7e5cce9d8bf425384"
            ],
            "markers": "python_version >= '3.7'",
            "version": "==1.3.0"
        },
        "starlette": {
            "hashes": [
                "sha256:6a6b0d042acb8d469a01eba54e9cda6cbd24ac602c4cd016723117d6a7e73b75",
                "sha256:918416370e846586541235ccd38a474c08b80443ed31c578a418e2209b3eef91"
            ],
            "markers": "python_version >= '3.7'",
            "version": "==0.27.0"
        },
        "tortoise-orm": {
            "hashes": [
                "sha256:9e368820c70a0866ef9c521d43aa5503485bd7a20a561edc0933b7b0f7036fbc",
                "sha256:ca574bca5191f55608f9013314b1f5d1c6ffd4165a1fcc2f60f6c902f529b3b6"
            ],
            "index": "pypi",
            "version": "==0.19.3"
        },
        "typing-extensions": {
            "hashes": [
                "sha256:440d5dd3af93b060174bf433bccd69b0babc3b15b1a8dca43789fd7f61514b36",
                "sha256:b75ddc264f0ba5615db7ba217daeb99701ad295353c45f9e95963337ceeeffb2"
            ],
            "markers": "python_version >= '3.7'",
            "version": "==4.7.1"
        },
        "uvicorn": {
            "hashes": [
                "sha256:1f9be6558f01239d4fdf22ef8126c39cb1ad0addf76c40e760549d2c2f43ab53",
                "sha256:4d3cc12d7727ba72b64d12d3cc7743124074c0a69f7b201512fc50c3e3f1569a"
            ],
            "index": "pypi",
            "version": "==0.23.2"
        }
    },
    "develop": {}
}
